# This file is automatically @generated by Cargo.
# It is not intended for manual editing.
version = 4

[[package]]
name = "cfg-if"
version = "1.0.5"
source = "registry+https://github.com/rust-lang/crates.io-index"
checksum = "4e7648175b45a9a48536d676f68d918270699102aa8dab5496df06904c914600"

[[package]]
name = "cty"
version = "0.2.2"
source = "registry+https://github.com/rust-lang/crates.io-index"
checksum = "b365fabc795046672053e29c954733ec3b05e4be654ab130fe8f1f94d7051f35"

[[package]]
name = "rs_adc_bluepill"
version = "0.1.0"
dependencies = [
 "rs_bluepill",
 "rs_dma_bluepill",
 "rs_esprit",
 "rs_gpio_bluepill",
 "rs_rcu_bluepill",
 "rs_timer_bluepill",
]

[[package]]
name = "rs_afio_bluepill"
version = "0.1.0"
dependencies = [
 "rs_bluepill",
 "rs_rcu_bluepill",
]

[[package]]
name = "rs_bluepill"
version = "0.1.0"

[[package]]
name = "rs_dma_bluepill"
version = "0.1.0"
dependencies = [
 "rs_bluepill",
 "rs_esprit",
 "rs_rcu_bluepill",
]

[[package]]
name = "rs_esprit"
version = "0.1.0"
dependencies = [
 "cty",
 "rs_rtos",
]

[[package]]
name = "rs_gpio_bluepill"
version = "0.1.0"
dependencies = [
 "rs_bluepill",
 "rs_esprit",
]

[[package]]
name = "rs_pinout48_bluepill"
version = "0.1.0"
dependencies = [
 "rs_afio_bluepill",
 "rs_dma_bluepill",
 "rs_gpio_bluepill",
]

[[package]]
name = "rs_rcu_bluepill"
version = "0.1.0"
dependencies = [
 "rs_bluepill",
]

[[package]]
name = "rs_rtos"
version = "0.1.0"
dependencies = [
 "cfg-if",
 "cty",
]

[[package]]
name = "rs_timer_bluepill"
version = "0.1.0"
dependencies = [
 "rs_bluepill",
 "rs_dma_bluepill",
 "rs_esprit",
 "rs_gpio_bluepill",
 "rs_pinout48_bluepill",
 "rs_rcu_bluepill",
]
