# This file is automatically @generated by Cargo.
# It is not intended for manual editing.
version = 4

[[package]]
name = "rs_afio_bluepill"
version = "0.1.0"
dependencies = [
 "rs_bluepill",
]

[[package]]
name = "rs_bluepill"
version = "0.1.0"

[[package]]
name = "rs_dma_bluepill"
version = "0.1.0"
dependencies = [
 "rs_bluepill",
 "rs_rcu_bluepill",
]

[[package]]
name = "rs_gpio_bluepill"
version = "0.1.0"
dependencies = [
 "rs_bluepill",
]

[[package]]
name = "rs_rcu_bluepill"
version = "0.1.0"
dependencies = [
 "rs_bluepill",
]

[[package]]
name = "rs_timer_bluepill"
version = "0.1.0"
dependencies = [
 "rs_afio_bluepill",
 "rs_bluepill",
 "rs_dma_bluepill",
 "rs_gpio_bluepill",
 "rs_rcu_bluepill",
]
